Microsoft Visual Studio Solution File, Format Version 11.00
# Visual Studio 2008

Project("{F6713293-1639-01D5-B14B-7377C5350494}") = "Unity_miningsimulator", "Assembly-CSharp-firstpass-vs.csproj", "{3E737947-E873-8C7D-FD52-5AFC08A56143}"
EndProject
Project("{F6713293-1639-01D5-B14B-7377C5350494}") = "Unity_miningsimulator", "Assembly-CSharp-vs.csproj", "{378DC9B9-7053-BEC2-AD98-F7C340F3833F}"
EndProject
Project("{F6713293-1639-01D5-B14B-7377C5350494}") = "Unity_miningsimulator", "Assembly-CSharp-Editor-vs.csproj", "{38DBA7A4-089B-467C-A0B5-86E7353A19CF}"
EndProject
Global
	GlobalSection(SolutionConfigurationPlatforms) = preSolution
		Debug|Any CPU = Debug|Any CPU
		Release|Any CPU = Release|Any CPU
	EndGlobalSection
	GlobalSection(ProjectConfigurationPlatforms) = postSolution
		{3E737947-E873-8C7D-FD52-5AFC08A56143}.Debug|Any CPU.ActiveCfg = Debug|Any CPU
		{3E737947-E873-8C7D-FD52-5AFC08A56143}.Debug|Any CPU.Build.0 = Debug|Any CPU
		{3E737947-E873-8C7D-FD52-5AFC08A56143}.Release|Any CPU.ActiveCfg = Release|Any CPU
		{3E737947-E873-8C7D-FD52-5AFC08A56143}.Release|Any CPU.Build.0 = Release|Any CPU
		{378DC9B9-7053-BEC2-AD98-F7C340F3833F}.Debug|Any CPU.ActiveCfg = Debug|Any CPU
		{378DC9B9-7053-BEC2-AD98-F7C340F3833F}.Debug|Any CPU.Build.0 = Debug|Any CPU
		{378DC9B9-7053-BEC2-AD98-F7C340F3833F}.Release|Any CPU.ActiveCfg = Release|Any CPU
		{378DC9B9-7053-BEC2-AD98-F7C340F3833F}.Release|Any CPU.Build.0 = Release|Any CPU
		{38DBA7A4-089B-467C-A0B5-86E7353A19CF}.Debug|Any CPU.ActiveCfg = Debug|Any CPU
		{38DBA7A4-089B-467C-A0B5-86E7353A19CF}.Debug|Any CPU.Build.0 = Debug|Any CPU
		{38DBA7A4-089B-467C-A0B5-86E7353A19CF}.Release|Any CPU.ActiveCfg = Release|Any CPU
		{38DBA7A4-089B-467C-A0B5-86E7353A19CF}.Release|Any CPU.Build.0 = Release|Any CPU
	EndGlobalSection
	GlobalSection(SolutionProperties) = preSolution
		HideSolutionNode = FALSE
	EndGlobalSection
																																										GlobalSection(MonoDevelopProperties) = preSolution
		StartupItem = Assembly-CSharp.csproj
		Policies = $0
		$0.TextStylePolicy = $1
		$1.inheritsSet = null
		$1.scope = text/x-csharp
		$0.CSharpFormattingPolicy = $2
		$2.inheritsSet = Mono
		$2.inheritsScope = text/x-csharp
		$2.scope = text/x-csharp
		$0.TextStylePolicy = $3
		$3.FileWidth = 120
		$3.TabWidth = 4
		$3.IndentWidth = 4
		$3.EolMarker = Unix
		$3.inheritsSet = Mono
		$3.inheritsScope = text/plain
		$3.scope = text/plain
	EndGlobalSection

EndGlobal
